
Microsoft Visual Studio Solution File, Format Version 12.00
# Visual Studio Version 16
VisualStudioVersion = 16.0.30320.27
MinimumVisualStudioVersion = 10.0.40219.1
Project("{FAE04EC0-301F-11D3-BF4B-00C04F79EFBC}") = "EmployeesProj.App", "EmployeesProj.App\EmployeesProj.App.csproj", "{F32EF4A3-5968-4806-A4EE-46B294BE772A}"
EndProject
Project("{FAE04EC0-301F-11D3-BF4B-00C04F79EFBC}") = "EmployeesProj.Domain", "EmployeesProj.Domain\EmployeesProj.Domain.csproj", "{2CFF53D1-E310-4088-83A3-6BB36DC0AA40}"
EndProject
Project("{FAE04EC0-301F-11D3-BF4B-00C04F79EFBC}") = "EmployeesProj.DataAcces.EFCore", "Employees.DataAcces.EFCore\EmployeesProj.DataAcces.EFCore.csproj", "{99F336D9-99D5-4D7F-8E85-88DE3255223D}"
EndProject
Global
	GlobalSection(SolutionConfigurationPlatforms) = preSolution
		Debug|Any CPU = Debug|Any CPU
		Release|Any CPU = Release|Any CPU
	EndGlobalSection
	GlobalSection(ProjectConfigurationPlatforms) = postSolution
		{F32EF4A3-5968-4806-A4EE-46B294BE772A}.Debug|Any CPU.ActiveCfg = Debug|Any CPU
		{F32EF4A3-5968-4806-A4EE-46B294BE772A}.Debug|Any CPU.Build.0 = Debug|Any CPU
		{F32EF4A3-5968-4806-A4EE-46B294BE772A}.Release|Any CPU.ActiveCfg = Release|Any CPU
		{F32EF4A3-5968-4806-A4EE-46B294BE772A}.Release|Any CPU.Build.0 = Release|Any CPU
		{2CFF53D1-E310-4088-83A3-6BB36DC0AA40}.Debug|Any CPU.ActiveCfg = Debug|Any CPU
		{2CFF53D1-E310-4088-83A3-6BB36DC0AA40}.Debug|Any CPU.Build.0 = Debug|Any CPU
		{2CFF53D1-E310-4088-83A3-6BB36DC0AA40}.Release|Any CPU.ActiveCfg = Release|Any CPU
		{2CFF53D1-E310-4088-83A3-6BB36DC0AA40}.Release|Any CPU.Build.0 = Release|Any CPU
		{99F336D9-99D5-4D7F-8E85-88DE3255223D}.Debug|Any CPU.ActiveCfg = Debug|Any CPU
		{99F336D9-99D5-4D7F-8E85-88DE3255223D}.Debug|Any CPU.Build.0 = Debug|Any CPU
		{99F336D9-99D5-4D7F-8E85-88DE3255223D}.Release|Any CPU.ActiveCfg = Release|Any CPU
		{99F336D9-99D5-4D7F-8E85-88DE3255223D}.Release|Any CPU.Build.0 = Release|Any CPU
	EndGlobalSection
	GlobalSection(SolutionProperties) = preSolution
		HideSolutionNode = FALSE
	EndGlobalSection
	GlobalSection(ExtensibilityGlobals) = postSolution
		SolutionGuid = {E6F074E1-F794-4235-BA8F-DBF995625A0B}
	EndGlobalSection
EndGlobal
